
Microsoft Visual Studio Solution File, Format Version 12.00
# Visual Studio Version 17
VisualStudioVersion = 17.0.31903.59
MinimumVisualStudioVersion = 10.0.40219.1
Project("{FAE04EC0-301F-11D3-BF4B-00C04F79EFBC}") = "EFDBFrist", "EFDBFrist\EFDBFrist.csproj", "{330C5DAF-1A8B-4312-B483-7E2806DC5F7F}"
EndProject
Project("{FAE04EC0-301F-11D3-BF4B-00C04F79EFBC}") = "TestDataAcess", "TestDataAcess\TestDataAcess.csproj", "{A54B5A9F-C766-41D0-A5E4-6E617F1E4BCE}"
EndProject
Global
	GlobalSection(SolutionConfigurationPlatforms) = preSolution
		Debug|Any CPU = Debug|Any CPU
		Release|Any CPU = Release|Any CPU
	EndGlobalSection
	GlobalSection(ProjectConfigurationPlatforms) = postSolution
		{330C5DAF-1A8B-4312-B483-7E2806DC5F7F}.Debug|Any CPU.ActiveCfg = Debug|Any CPU
		{330C5DAF-1A8B-4312-B483-7E2806DC5F7F}.Debug|Any CPU.Build.0 = Debug|Any CPU
		{330C5DAF-1A8B-4312-B483-7E2806DC5F7F}.Release|Any CPU.ActiveCfg = Release|Any CPU
		{330C5DAF-1A8B-4312-B483-7E2806DC5F7F}.Release|Any CPU.Build.0 = Release|Any CPU
		{A54B5A9F-C766-41D0-A5E4-6E617F1E4BCE}.Debug|Any CPU.ActiveCfg = Debug|Any CPU
		{A54B5A9F-C766-41D0-A5E4-6E617F1E4BCE}.Debug|Any CPU.Build.0 = Debug|Any CPU
		{A54B5A9F-C766-41D0-A5E4-6E617F1E4BCE}.Release|Any CPU.ActiveCfg = Release|Any CPU
		{A54B5A9F-C766-41D0-A5E4-6E617F1E4BCE}.Release|Any CPU.Build.0 = Release|Any CPU
	EndGlobalSection
	GlobalSection(SolutionProperties) = preSolution
		HideSolutionNode = FALSE
	EndGlobalSection
	GlobalSection(ExtensibilityGlobals) = postSolution
		SolutionGuid = {1A9F27E2-9CF5-4B26-9F8C-9C337A4F518C}
	EndGlobalSection
EndGlobal
